// !$*UTF8*$!
{
	archiveVersion = 1;
	classes = {
	};
	objectVersion = 46;
	objects = {

/* Begin PBXBuildFile section */
		08DD9CD219CB93D700DDB098 /* AppDelegate.swift in Sources */ = {isa = PBXBuildFile; fileRef = 08DD9CD119CB93D700DDB098 /* AppDelegate.swift */; };
		08DD9CD519CB93D700DDB098 /* Learning_Swift.xcdatamodeld in Sources */ = {isa = PBXBuildFile; fileRef = 08DD9CD319CB93D700DDB098 /* Learning_Swift.xcdatamodeld */; };
		08DD9CD719CB93D700DDB098 /* ViewController.swift in Sources */ = {isa = PBXBuildFile; fileRef = 08DD9CD619CB93D700DDB098 /* ViewController.swift */; };
		08DD9CDA19CB93D700DDB098 /* Main.storyboard in Resources */ = {isa = PBXBuildFile; fileRef = 08DD9CD819CB93D700DDB098 /* Main.storyboard */; };
		08DD9CDC19CB93D700DDB098 /* Images.xcassets in Resources */ = {isa = PBXBuildFile; fileRef = 08DD9CDB19CB93D700DDB098 /* Images.xcassets */; };
		08DD9CE819CB93D800DDB098 /* Learning_SwiftTests.swift in Sources */ = {isa = PBXBuildFile; fileRef = 08DD9CE719CB93D800DDB098 /* Learning_SwiftTests.swift */; };
/* End PBXBuildFile section */

/* Begin PBXContainerItemProxy section */
		08DD9CE219CB93D800DDB098 /* PBXContainerItemProxy */ = {
			isa = PBXContainerItemProxy;
			containerPortal = 08DD9CC419CB93D700DDB098 /* Project object */;
			proxyType = 1;
			remoteGlobalIDString = 08DD9CCB19CB93D700DDB098;
			remoteInfo = "Learning Swift";
		};
/* End PBXContainerItemProxy section */

/* Begin PBXFileReference section */
		08DD9CCC19CB93D700DDB098 /* Learning Swift.app */ = {isa = PBXFileReference; explicitFileType = wrapper.application; includeInIndex = 0; path = "Learning Swift.app"; sourceTree = BUILT_PRODUCTS_DIR; };
		08DD9CD019CB93D700DDB098 /* Info.plist */ = {isa = PBXFileReference; lastKnownFileType = text.plist.xml; path = Info.plist; sourceTree = "<group>"; };
		08DD9CD119CB93D700DDB098 /* AppDelegate.swift */ = {isa = PBXFileReference; lastKnownFileType = sourcecode.swift; path = AppDelegate.swift; sourceTree = "<group>"; };
		08DD9CD419CB93D700DDB098 /* Learning_Swift.xcdatamodel */ = {isa = PBXFileReference; lastKnownFileType = wrapper.xcdatamodel; path = Learning_Swift.xcdatamodel; sourceTree = "<group>"; };
		08DD9CD619CB93D700DDB098 /* ViewController.swift */ = {isa = PBXFileReference; lastKnownFileType = sourcecode.swift; path = ViewController.swift; sourceTree = "<group>"; };
		08DD9CD919CB93D700DDB098 /* Base */ = {isa = PBXFileReference; lastKnownFileType = file.storyboard; name = Base; path = Base.lproj/Main.storyboard; sourceTree = "<group>"; };
		08DD9CDB19CB93D700DDB098 /* Images.xcassets */ = {isa = PBXFileReference; lastKnownFileType = folder.assetcatalog; path = Images.xcassets; sourceTree = "<group>"; };
		08DD9CE119CB93D800DDB098 /* Learning SwiftTests.xctest */ = {isa = PBXFileReference; explicitFileType = wrapper.cfbundle; includeInIndex = 0; path = "Learning SwiftTests.xctest"; sourceTree = BUILT_PRODUCTS_DIR; };
		08DD9CE619CB93D800DDB098 /* Info.plist */ = {isa = PBXFileReference; lastKnownFileType = text.plist.xml; path = Info.plist; sourceTree = "<group>"; };
		08DD9CE719CB93D800DDB098 /* Learning_SwiftTests.swift */ = {isa = PBXFileReference; lastKnownFileType = sourcecode.swift; path = Learning_SwiftTests.swift; sourceTree = "<group>"; };
/* End PBXFileReference section */

/* Begin PBXFrameworksBuildPhase section */
		08DD9CC919CB93D700DDB098 /* Frameworks */ = {
			isa = PBXFrameworksBuildPhase;
			buildActionMask = 2147483647;
			files = (
			);
			runOnlyForDeploymentPostprocessing = 0;
		};
		08DD9CDE19CB93D800DDB098 /* Frameworks */ = {
			isa = PBXFrameworksBuildPhase;
			buildActionMask = 2147483647;
			files = (
			);
			runOnlyForDeploymentPostprocessing = 0;
		};
/* End PBXFrameworksBuildPhase section */

/* Begin PBXGroup section */
		08DD9CC319CB93D700DDB098 = {
			isa = PBXGroup;
			children = (
				08DD9CCE19CB93D700DDB098 /* Learning Swift */,
				08DD9CE419CB93D800DDB098 /* Learning SwiftTests */,
				08DD9CCD19CB93D700DDB098 /* Products */,
			);
			sourceTree = "<group>";
		};
		08DD9CCD19CB93D700DDB098 /* Products */ = {
			isa = PBXGroup;
			children = (
				08DD9CCC19CB93D700DDB098 /* Learning Swift.app */,
				08DD9CE119CB93D800DDB098 /* Learning SwiftTests.xctest */,
			);
			name = Products;
			sourceTree = "<group>";
		};
		08DD9CCE19CB93D700DDB098 /* Learning Swift */ = {
			isa = PBXGroup;
			children = (
				08DD9CD119CB93D700DDB098 /* AppDelegate.swift */,
				08DD9CD619CB93D700DDB098 /* ViewController.swift */,
				08DD9CD819CB93D700DDB098 /* Main.storyboard */,
				08DD9CDB19CB93D700DDB098 /* Images.xcassets */,
				08DD9CD319CB93D700DDB098 /* Learning_Swift.xcdatamodeld */,
				08DD9CCF19CB93D700DDB098 /* Supporting Files */,
			);
			path = "Learning Swift";
			sourceTree = "<group>";
		};
		08DD9CCF19CB93D700DDB098 /* Supporting Files */ = {
			isa = PBXGroup;
			children = (
				08DD9CD019CB93D700DDB098 /* Info.plist */,
			);
			name = "Supporting Files";
			sourceTree = "<group>";
		};
		08DD9CE419CB93D800DDB098 /* Learning SwiftTests */ = {
			isa = PBXGroup;
			children = (
				08DD9CE719CB93D800DDB098 /* Learning_SwiftTests.swift */,
				08DD9CE519CB93D800DDB098 /* Supporting Files */,
			);
			path = "Learning SwiftTests";
			sourceTree = "<group>";
		};
		08DD9CE519CB93D800DDB098 /* Supporting Files */ = {
			isa = PBXGroup;
			children = (
				08DD9CE619CB93D800DDB098 /* Info.plist */,
			);
			name = "Supporting Files";
			sourceTree = "<group>";
		};
/* End PBXGroup section */

/* Begin PBXNativeTarget section */
		08DD9CCB19CB93D700DDB098 /* Learning Swift */ = {
			isa = PBXNativeTarget;
			buildConfigurationList = 08DD9CEB19CB93D800DDB098 /* Build configuration list for PBXNativeTarget "Learning Swift" */;
			buildPhases = (
				08DD9CC819CB93D700DDB098 /* Sources */,
				08DD9CC919CB93D700DDB098 /* Frameworks */,
				08DD9CCA19CB93D700DDB098 /* Resources */,
			);
			buildRules = (
			);
			dependencies = (
			);
			name = "Learning Swift";
			productName = "Learning Swift";
			productReference = 08DD9CCC19CB93D700DDB098 /* Learning Swift.app */;
			productType = "com.apple.product-type.application";
		};
		08DD9CE019CB93D800DDB098 /* Learning SwiftTests */ = {
			isa = PBXNativeTarget;
			buildConfigurationList = 08DD9CEE19CB93D800DDB098 /* Build configuration list for PBXNativeTarget "Learning SwiftTests" */;
			buildPhases = (
				08DD9CDD19CB93D800DDB098 /* Sources */,
				08DD9CDE19CB93D800DDB098 /* Frameworks */,
				08DD9CDF19CB93D800DDB098 /* Resources */,
			);
			buildRules = (
			);
			dependencies = (
				08DD9CE319CB93D800DDB098 /* PBXTargetDependency */,
			);
			name = "Learning SwiftTests";
			productName = "Learning SwiftTests";
			productReference = 08DD9CE119CB93D800DDB098 /* Learning SwiftTests.xctest */;
			productType = "com.apple.product-type.bundle.unit-test";
		};
/* End PBXNativeTarget section */

/* Begin PBXProject section */
		08DD9CC419CB93D700DDB098 /* Project object */ = {
			isa = PBXProject;
			attributes = {
				LastUpgradeCheck = 0600;
				ORGANIZATIONNAME = "Mat Sletten";
				TargetAttributes = {
					08DD9CCB19CB93D700DDB098 = {
						CreatedOnToolsVersion = 6.0;
					};
					08DD9CE019CB93D800DDB098 = {
						CreatedOnToolsVersion = 6.0;
						TestTargetID = 08DD9CCB19CB93D700DDB098;
					};
				};
			};
			buildConfigurationList = 08DD9CC719CB93D700DDB098 /* Build configuration list for PBXProject "Learning Swift" */;
			compatibilityVersion = "Xcode 3.2";
			developmentRegion = English;
			hasScannedForEncodings = 0;
			knownRegions = (
				en,
				Base,
			);
			mainGroup = 08DD9CC319CB93D700DDB098;
			productRefGroup = 08DD9CCD19CB93D700DDB098 /* Products */;
			projectDirPath = "";
			projectRoot = "";
			targets = (
				08DD9CCB19CB93D700DDB098 /* Learning Swift */,
				08DD9CE019CB93D800DDB098 /* Learning SwiftTests */,
			);
		};
/* End PBXProject section */

/* Begin PBXResourcesBuildPhase section */
		08DD9CCA19CB93D700DDB098 /* Resources */ = {
			isa = PBXResourcesBuildPhase;
			buildActionMask = 2147483647;
			files = (
				08DD9CDA19CB93D700DDB098 /* Main.storyboard in Resources */,
				08DD9CDC19CB93D700DDB098 /* Images.xcassets in Resources */,
			);
			runOnlyForDeploymentPostprocessing = 0;
		};
		08DD9CDF19CB93D800DDB098 /* Resources */ = {
			isa = PBXResourcesBuildPhase;
			buildActionMask = 2147483647;
			files = (
			);
			runOnlyForDeploymentPostprocessing = 0;
		};
/* End PBXResourcesBuildPhase section */

/* Begin PBXSourcesBuildPhase section */
		08DD9CC819CB93D700DDB098 /* Sources */ = {
			isa = PBXSourcesBuildPhase;
			buildActionMask = 2147483647;
			files = (
				08DD9CD719CB93D700DDB098 /* ViewController.swift in Sources */,
				08DD9CD219CB93D700DDB098 /* AppDelegate.swift in Sources */,
				08DD9CD519CB93D700DDB098 /* Learning_Swift.xcdatamodeld in Sources */,
			);
			runOnlyForDeploymentPostprocessing = 0;
		};
		08DD9CDD19CB93D800DDB098 /* Sources */ = {
			isa = PBXSourcesBuildPhase;
			buildActionMask = 2147483647;
			files = (
				08DD9CE819CB93D800DDB098 /* Learning_SwiftTests.swift in Sources */,
			);
			runOnlyForDeploymentPostprocessing = 0;
		};
/* End PBXSourcesBuildPhase section */

/* Begin PBXTargetDependency section */
		08DD9CE319CB93D800DDB098 /* PBXTargetDependency */ = {
			isa = PBXTargetDependency;
			target = 08DD9CCB19CB93D700DDB098 /* Learning Swift */;
			targetProxy = 08DD9CE219CB93D800DDB098 /* PBXContainerItemProxy */;
		};
/* End PBXTargetDependency section */

/* Begin PBXVariantGroup section */
		08DD9CD819CB93D700DDB098 /* Main.storyboard */ = {
			isa = PBXVariantGroup;
			children = (
				08DD9CD919CB93D700DDB098 /* Base */,
			);
			name = Main.storyboard;
			sourceTree = "<group>";
		};
/* End PBXVariantGroup section */

/* Begin XCBuildConfiguration section */
		08DD9CE919CB93D800DDB098 /* Debug */ = {
			isa = XCBuildConfiguration;
			buildSettings = {
				ALWAYS_SEARCH_USER_PATHS = NO;
				CLANG_CXX_LANGUAGE_STANDARD = "gnu++0x";
				CLANG_CXX_LIBRARY = "libc++";
				CLANG_ENABLE_MODULES = YES;
				CLANG_ENABLE_OBJC_ARC = YES;
				CLANG_WARN_BOOL_CONVERSION = YES;
				CLANG_WARN_CONSTANT_CONVERSION = YES;
				CLANG_WARN_DIRECT_OBJC_ISA_USAGE = YES_ERROR;
				CLANG_WARN_EMPTY_BODY = YES;
				CLANG_WARN_ENUM_CONVERSION = YES;
				CLANG_WARN_INT_CONVERSION = YES;
				CLANG_WARN_OBJC_ROOT_CLASS = YES_ERROR;
				CLANG_WARN_UNREACHABLE_CODE = YES;
				CLANG_WARN__DUPLICATE_METHOD_MATCH = YES;
				"CODE_SIGN_IDENTITY[sdk=iphoneos*]" = "iPhone Developer";
				COPY_PHASE_STRIP = NO;
				ENABLE_STRICT_OBJC_MSGSEND = YES;
				GCC_C_LANGUAGE_STANDARD = gnu99;
				GCC_DYNAMIC_NO_PIC = NO;
				GCC_OPTIMIZATION_LEVEL = 0;
				GCC_PREPROCESSOR_DEFINITIONS = (
					"DEBUG=1",
					"$(inherited)",
				);
				GCC_SYMBOLS_PRIVATE_EXTERN = NO;
				GCC_WARN_64_TO_32_BIT_CONVERSION = YES;
				GCC_WARN_ABOUT_RETURN_TYPE = YES_ERROR;
				GCC_WARN_UNDECLARED_SELECTOR = YES;
				GCC_WARN_UNINITIALIZED_AUTOS = YES_AGGRESSIVE;
				GCC_WARN_UNUSED_FUNCTION = YES;
				GCC_WARN_UNUSED_VARIABLE = YES;
				IPHONEOS_DEPLOYMENT_TARGET = 8.0;
				MTL_ENABLE_DEBUG_INFO = YES;
				ONLY_ACTIVE_ARCH = YES;
				SDKROOT = iphoneos;
				SWIFT_OPTIMIZATION_LEVEL = "-Onone";
			};
			name = Debug;
		};
		08DD9CEA19CB93D800DDB098 /* Release */ = {
			isa = XCBuildConfiguration;
			buildSettings = {
				ALWAYS_SEARCH_USER_PATHS = NO;
				CLANG_CXX_LANGUAGE_STANDARD = "gnu++0x";
				CLANG_CXX_LIBRARY = "libc++";
				CLANG_ENABLE_MODULES = YES;
				CLANG_ENABLE_OBJC_ARC = YES;
				CLANG_WARN_BOOL_CONVERSION = YES;
				CLANG_WARN_CONSTANT_CONVERSION = YES;
				CLANG_WARN_DIRECT_OBJC_ISA_USAGE = YES_ERROR;
				CLANG_WARN_EMPTY_BODY = YES;
				CLANG_WARN_ENUM_CONVERSION = YES;
				CLANG_WARN_INT_CONVERSION = YES;
				CLANG_WARN_OBJC_ROOT_CLASS = YES_ERROR;
				CLANG_WARN_UNREACHABLE_CODE = YES;
				CLANG_WARN__DUPLICATE_METHOD_MATCH = YES;
				"CODE_SIGN_IDENTITY[sdk=iphoneos*]" = "iPhone Developer";
				COPY_PHASE_STRIP = YES;
				ENABLE_NS_ASSERTIONS = NO;
				ENABLE_STRICT_OBJC_MSGSEND = YES;
				GCC_C_LANGUAGE_STANDARD = gnu99;
				GCC_WARN_64_TO_32_BIT_CONVERSION = YES;
				GCC_WARN_ABOUT_RETURN_TYPE = YES_ERROR;
				GCC_WARN_UNDECLARED_SELECTOR = YES;
				GCC_WARN_UNINITIALIZED_AUTOS = YES_AGGRESSIVE;
				GCC_WARN_UNUSED_FUNCTION = YES;
				GCC_WARN_UNUSED_VARIABLE = YES;
				IPHONEOS_DEPLOYMENT_TARGET = 8.0;
				MTL_ENABLE_DEBUG_INFO = NO;
				SDKROOT = iphoneos;
				VALIDATE_PRODUCT = YES;
			};
			name = Release;
		};
		08DD9CEC19CB93D800DDB098 /* Debug */ = {
			isa = XCBuildConfiguration;
			buildSettings = {
				ASSETCATALOG_COMPILER_APPICON_NAME = AppIcon;
				ASSETCATALOG_COMPILER_LAUNCHIMAGE_NAME = LaunchImage;
				INFOPLIST_FILE = "Learning Swift/Info.plist";
				LD_RUNPATH_SEARCH_PATHS = "$(inherited) @executable_path/Frameworks";
				PRODUCT_NAME = "$(TARGET_NAME)";
			};
			name = Debug;
		};
		08DD9CED19CB93D800DDB098 /* Release */ = {
			isa = XCBuildConfiguration;
			buildSettings = {
				ASSETCATALOG_COMPILER_APPICON_NAME = AppIcon;
				ASSETCATALOG_COMPILER_LAUNCHIMAGE_NAME = LaunchImage;
				INFOPLIST_FILE = "Learning Swift/Info.plist";
				LD_RUNPATH_SEARCH_PATHS = "$(inherited) @executable_path/Frameworks";
				PRODUCT_NAME = "$(TARGET_NAME)";
			};
			name = Release;
		};
		08DD9CEF19CB93D800DDB098 /* Debug */ = {
			isa = XCBuildConfiguration;
			buildSettings = {
				BUNDLE_LOADER = "$(TEST_HOST)";
				FRAMEWORK_SEARCH_PATHS = (
					"$(SDKROOT)/Developer/Library/Frameworks",
					"$(inherited)",
				);
				GCC_PREPROCESSOR_DEFINITIONS = (
					"DEBUG=1",
					"$(inherited)",
				);
				INFOPLIST_FILE = "Learning SwiftTests/Info.plist";
				LD_RUNPATH_SEARCH_PATHS = "$(inherited) @executable_path/Frameworks @loader_path/Frameworks";
				PRODUCT_NAME = "$(TARGET_NAME)";
				TEST_HOST = "$(BUILT_PRODUCTS_DIR)/Learning Swift.app/Learning Swift";
			};
			name = Debug;
		};
		08DD9CF019CB93D800DDB098 /* Release */ = {
			isa = XCBuildConfiguration;
			buildSettings = {
				BUNDLE_LOADER = "$(TEST_HOST)";
				FRAMEWORK_SEARCH_PATHS = (
					"$(SDKROOT)/Developer/Library/Frameworks",
					"$(inherited)",
				);
				INFOPLIST_FILE = "Learning SwiftTests/Info.plist";
				LD_RUNPATH_SEARCH_PATHS = "$(inherited) @executable_path/Frameworks @loader_path/Frameworks";
				PRODUCT_NAME = "$(TARGET_NAME)";
				TEST_HOST = "$(BUILT_PRODUCTS_DIR)/Learning Swift.app/Learning Swift";
			};
			name = Release;
		};
/* End XCBuildConfiguration section */

/* Begin XCConfigurationList section */
		08DD9CC719CB93D700DDB098 /* Build configuration list for PBXProject "Learning Swift" */ = {
			isa = XCConfigurationList;
			buildConfigurations = (
				08DD9CE919CB93D800DDB098 /* Debug */,
				08DD9CEA19CB93D800DDB098 /* Release */,
			);
			defaultConfigurationIsVisible = 0;
			defaultConfigurationName = Release;
		};
		08DD9CEB19CB93D800DDB098 /* Build configuration list for PBXNativeTarget "Learning Swift" */ = {
			isa = XCConfigurationList;
			buildConfigurations = (
				08DD9CEC19CB93D800DDB098 /* Debug */,
				08DD9CED19CB93D800DDB098 /* Release */,
			);
			defaultConfigurationIsVisible = 0;
		};
		08DD9CEE19CB93D800DDB098 /* Build configuration list for PBXNativeTarget "Learning SwiftTests" */ = {
			isa = XCConfigurationList;
			buildConfigurations = (
				08DD9CEF19CB93D800DDB098 /* Debug */,
				08DD9CF019CB93D800DDB098 /* Release */,
			);
			defaultConfigurationIsVisible = 0;
		};
/* End XCConfigurationList section */

/* Begin XCVersionGroup section */
		08DD9CD319CB93D700DDB098 /* Learning_Swift.xcdatamodeld */ = {
			isa = XCVersionGroup;
			children = (
				08DD9CD419CB93D700DDB098 /* Learning_Swift.xcdatamodel */,
			);
			currentVersion = 08DD9CD419CB93D700DDB098 /* Learning_Swift.xcdatamodel */;
			path = Learning_Swift.xcdatamodeld;
			sourceTree = "<group>";
			versionGroupType = wrapper.xcdatamodel;
		};
/* End XCVersionGroup section */
	};
	rootObject = 08DD9CC419CB93D700DDB098 /* Project object */;
}
